
Microsoft Visual Studio Solution File, Format Version 12.00
# Visual Studio Version 17
VisualStudioVersion = 17.0.31903.59
MinimumVisualStudioVersion = 10.0.40219.1
Project("{FAE04EC0-301F-11D3-BF4B-00C04F79EFBC}") = "HelloWorld", "HelloWorld\HelloWorld.csproj", "{B561FF94-7C1F-4941-9BF9-A0FA7DF9D248}"
EndProject
Project("{FAE04EC0-301F-11D3-BF4B-00C04F79EFBC}") = "BasicTestHarness", "BasicTestHarness\BasicTestHarness.csproj", "{1B18D9F1-FCD3-486D-AC57-DDB44A0F105C}"
EndProject
Project("{FAE04EC0-301F-11D3-BF4B-00C04F79EFBC}") = "WinFormsExampleApp", "WinFormsExampleApp\WinFormsExampleApp.csproj", "{4C0E2755-0A84-4E7A-8B7B-A4B35EE7E706}"
EndProject
Project("{FAE04EC0-301F-11D3-BF4B-00C04F79EFBC}") = "DependencyConflictHarness", "DependencyConflictHarness\DependencyConflictHarness.csproj", "{D1A7E0B5-CE88-45D0-95EB-8035D0F33398}"
EndProject
Global
	GlobalSection(SolutionConfigurationPlatforms) = preSolution
		Debug|Any CPU = Debug|Any CPU
		Debug|x64 = Debug|x64
		Debug|x86 = Debug|x86
		Release|Any CPU = Release|Any CPU
		Release|x64 = Release|x64
		Release|x86 = Release|x86
	EndGlobalSection
	GlobalSection(ProjectConfigurationPlatforms) = postSolution
		{B561FF94-7C1F-4941-9BF9-A0FA7DF9D248}.Debug|Any CPU.ActiveCfg = Debug|Any CPU
		{B561FF94-7C1F-4941-9BF9-A0FA7DF9D248}.Debug|Any CPU.Build.0 = Debug|Any CPU
		{B561FF94-7C1F-4941-9BF9-A0FA7DF9D248}.Debug|x64.ActiveCfg = Debug|Any CPU
		{B561FF94-7C1F-4941-9BF9-A0FA7DF9D248}.Debug|x64.Build.0 = Debug|Any CPU
		{B561FF94-7C1F-4941-9BF9-A0FA7DF9D248}.Debug|x86.ActiveCfg = Debug|Any CPU
		{B561FF94-7C1F-4941-9BF9-A0FA7DF9D248}.Debug|x86.Build.0 = Debug|Any CPU
		{B561FF94-7C1F-4941-9BF9-A0FA7DF9D248}.Release|Any CPU.ActiveCfg = Release|Any CPU
		{B561FF94-7C1F-4941-9BF9-A0FA7DF9D248}.Release|Any CPU.Build.0 = Release|Any CPU
		{B561FF94-7C1F-4941-9BF9-A0FA7DF9D248}.Release|x64.ActiveCfg = Release|Any CPU
		{B561FF94-7C1F-4941-9BF9-A0FA7DF9D248}.Release|x64.Build.0 = Release|Any CPU
		{B561FF94-7C1F-4941-9BF9-A0FA7DF9D248}.Release|x86.ActiveCfg = Release|Any CPU
		{B561FF94-7C1F-4941-9BF9-A0FA7DF9D248}.Release|x86.Build.0 = Release|Any CPU
		{1B18D9F1-FCD3-486D-AC57-DDB44A0F105C}.Debug|Any CPU.ActiveCfg = Debug|Any CPU
		{1B18D9F1-FCD3-486D-AC57-DDB44A0F105C}.Debug|Any CPU.Build.0 = Debug|Any CPU
		{1B18D9F1-FCD3-486D-AC57-DDB44A0F105C}.Debug|x64.ActiveCfg = Debug|Any CPU
		{1B18D9F1-FCD3-486D-AC57-DDB44A0F105C}.Debug|x64.Build.0 = Debug|Any CPU
		{1B18D9F1-FCD3-486D-AC57-DDB44A0F105C}.Debug|x86.ActiveCfg = Debug|Any CPU
		{1B18D9F1-FCD3-486D-AC57-DDB44A0F105C}.Debug|x86.Build.0 = Debug|Any CPU
		{1B18D9F1-FCD3-486D-AC57-DDB44A0F105C}.Release|Any CPU.ActiveCfg = Release|Any CPU
		{1B18D9F1-FCD3-486D-AC57-DDB44A0F105C}.Release|Any CPU.Build.0 = Release|Any CPU
		{1B18D9F1-FCD3-486D-AC57-DDB44A0F105C}.Release|x64.ActiveCfg = Release|Any CPU
		{1B18D9F1-FCD3-486D-AC57-DDB44A0F105C}.Release|x64.Build.0 = Release|Any CPU
		{1B18D9F1-FCD3-486D-AC57-DDB44A0F105C}.Release|x86.ActiveCfg = Release|Any CPU
		{1B18D9F1-FCD3-486D-AC57-DDB44A0F105C}.Release|x86.Build.0 = Release|Any CPU
		{4C0E2755-0A84-4E7A-8B7B-A4B35EE7E706}.Debug|Any CPU.ActiveCfg = Debug|Any CPU
		{4C0E2755-0A84-4E7A-8B7B-A4B35EE7E706}.Debug|Any CPU.Build.0 = Debug|Any CPU
		{4C0E2755-0A84-4E7A-8B7B-A4B35EE7E706}.Debug|x64.ActiveCfg = Debug|Any CPU
		{4C0E2755-0A84-4E7A-8B7B-A4B35EE7E706}.Debug|x64.Build.0 = Debug|Any CPU
		{4C0E2755-0A84-4E7A-8B7B-A4B35EE7E706}.Debug|x86.ActiveCfg = Debug|Any CPU
		{4C0E2755-0A84-4E7A-8B7B-A4B35EE7E706}.Debug|x86.Build.0 = Debug|Any CPU
		{4C0E2755-0A84-4E7A-8B7B-A4B35EE7E706}.Release|Any CPU.ActiveCfg = Release|Any CPU
		{4C0E2755-0A84-4E7A-8B7B-A4B35EE7E706}.Release|Any CPU.Build.0 = Release|Any CPU
		{4C0E2755-0A84-4E7A-8B7B-A4B35EE7E706}.Release|x64.ActiveCfg = Release|Any CPU
		{4C0E2755-0A84-4E7A-8B7B-A4B35EE7E706}.Release|x64.Build.0 = Release|Any CPU
		{4C0E2755-0A84-4E7A-8B7B-A4B35EE7E706}.Release|x86.ActiveCfg = Release|Any CPU
		{4C0E2755-0A84-4E7A-8B7B-A4B35EE7E706}.Release|x86.Build.0 = Release|Any CPU
		{D1A7E0B5-CE88-45D0-95EB-8035D0F33398}.Debug|Any CPU.ActiveCfg = Debug|Any CPU
		{D1A7E0B5-CE88-45D0-95EB-8035D0F33398}.Debug|Any CPU.Build.0 = Debug|Any CPU
		{D1A7E0B5-CE88-45D0-95EB-8035D0F33398}.Debug|x64.ActiveCfg = Debug|Any CPU
		{D1A7E0B5-CE88-45D0-95EB-8035D0F33398}.Debug|x64.Build.0 = Debug|Any CPU
		{D1A7E0B5-CE88-45D0-95EB-8035D0F33398}.Debug|x86.ActiveCfg = Debug|Any CPU
		{D1A7E0B5-CE88-45D0-95EB-8035D0F33398}.Debug|x86.Build.0 = Debug|Any CPU
		{D1A7E0B5-CE88-45D0-95EB-8035D0F33398}.Release|Any CPU.ActiveCfg = Release|Any CPU
		{D1A7E0B5-CE88-45D0-95EB-8035D0F33398}.Release|Any CPU.Build.0 = Release|Any CPU
		{D1A7E0B5-CE88-45D0-95EB-8035D0F33398}.Release|x64.ActiveCfg = Release|Any CPU
		{D1A7E0B5-CE88-45D0-95EB-8035D0F33398}.Release|x64.Build.0 = Release|Any CPU
		{D1A7E0B5-CE88-45D0-95EB-8035D0F33398}.Release|x86.ActiveCfg = Release|Any CPU
		{D1A7E0B5-CE88-45D0-95EB-8035D0F33398}.Release|x86.Build.0 = Release|Any CPU
	EndGlobalSection
	GlobalSection(SolutionProperties) = preSolution
		HideSolutionNode = FALSE
	EndGlobalSection
EndGlobal
